# This file is autogenerated, do not edit; changes may be undone by the next 'dep ensure'.


[[projects]]
  branch = "master"
  name = "github.com/gempir/go-twitch-irc"
  packages = ["."]
  revision = "748a9d1b47e4bbcef92efe4fc47bb8081230b775"

[solve-meta]
  analyzer-name = "dep"
  analyzer-version = 1
  inputs-digest = "dab6d1a076c418caa1dcbb866ee935ade2f80564259f44f8fb25e1e7802922be"
  solver-name = "gps-cdcl"
  solver-version = 1
